// !$*UTF8*$!
{
	archiveVersion = 1;
	classes = {
	};
	objectVersion = 56;
	objects = {

/* Begin PBXBuildFile section */
		380C872C2B4AE6D70055DB9E /* StatkiApp.swift in Sources */ = {isa = PBXBuildFile; fileRef = 380C872B2B4AE6D70055DB9E /* StatkiApp.swift */; };
		380C87302B4AE6D80055DB9E /* Assets.xcassets in Resources */ = {isa = PBXBuildFile; fileRef = 380C872F2B4AE6D80055DB9E /* Assets.xcassets */; };
		380C87332B4AE6D80055DB9E /* Preview Assets.xcassets in Resources */ = {isa = PBXBuildFile; fileRef = 380C87322B4AE6D80055DB9E /* Preview Assets.xcassets */; };
		380C873C2B4AE7D70055DB9E /* ContentView.swift in Sources */ = {isa = PBXBuildFile; fileRef = 380C873B2B4AE7D70055DB9E /* ContentView.swift */; };
		380C873F2B4AE81E0055DB9E /* OceanZoneView.swift in Sources */ = {isa = PBXBuildFile; fileRef = 380C873E2B4AE81E0055DB9E /* OceanZoneView.swift */; };
		380C87412B4AE8450055DB9E /* OceanView.swift in Sources */ = {isa = PBXBuildFile; fileRef = 380C87402B4AE8450055DB9E /* OceanView.swift */; };
		380C87432B4AE8920055DB9E /* ToolbarView.swift in Sources */ = {isa = PBXBuildFile; fileRef = 380C87422B4AE8920055DB9E /* ToolbarView.swift */; };
		380C87452B4AE8EF0055DB9E /* Coordinate.swift in Sources */ = {isa = PBXBuildFile; fileRef = 380C87442B4AE8EF0055DB9E /* Coordinate.swift */; };
		380C87472B4AE93F0055DB9E /* OceanZoneState.swift in Sources */ = {isa = PBXBuildFile; fileRef = 380C87462B4AE93F0055DB9E /* OceanZoneState.swift */; };
		380C87492B4AE9570055DB9E /* Ocean.swift in Sources */ = {isa = PBXBuildFile; fileRef = 380C87482B4AE9570055DB9E /* Ocean.swift */; };
		380C874B2B4AE98B0055DB9E /* ShipCompartment.swift in Sources */ = {isa = PBXBuildFile; fileRef = 380C874A2B4AE98B0055DB9E /* ShipCompartment.swift */; };
		380C874D2B4AE9AA0055DB9E /* Ship.swift in Sources */ = {isa = PBXBuildFile; fileRef = 380C874C2B4AE9AA0055DB9E /* Ship.swift */; };
		380C874F2B4AE9D30055DB9E /* Fleet.swift in Sources */ = {isa = PBXBuildFile; fileRef = 380C874E2B4AE9D30055DB9E /* Fleet.swift */; };
		380C87512B4AEA0F0055DB9E /* Game.swift in Sources */ = {isa = PBXBuildFile; fileRef = 380C87502B4AEA0F0055DB9E /* Game.swift */; };
		38AE3C0A2B4C87A600A31490 /* OnChooseOceanZoneAnimation.swift in Sources */ = {isa = PBXBuildFile; fileRef = 38AE3C092B4C87A600A31490 /* OnChooseOceanZoneAnimation.swift */; };
		3F134B5C2B4C47CE0013B183 /* ShipHitStatus.swift in Sources */ = {isa = PBXBuildFile; fileRef = 3F134B5B2B4C47CE0013B183 /* ShipHitStatus.swift */; };
		3F25762A2B4C6C4F00945450 /* Direction.swift in Sources */ = {isa = PBXBuildFile; fileRef = 3F2576292B4C6C4F00945450 /* Direction.swift */; };
		3F25762C2B4C7E6200945450 /* RocketShape.swift in Sources */ = {isa = PBXBuildFile; fileRef = 3F25762B2B4C7E6200945450 /* RocketShape.swift */; };
		3F25762E2B4C7EFA00945450 /* WaterAnimationView.swift in Sources */ = {isa = PBXBuildFile; fileRef = 3F25762D2B4C7EFA00945450 /* WaterAnimationView.swift */; };
		3F2576302B4C7F3C00945450 /* FireAnimationView.swift in Sources */ = {isa = PBXBuildFile; fileRef = 3F25762F2B4C7F3C00945450 /* FireAnimationView.swift */; };
		3F2576342B4C805500945450 /* FireworksView.swift in Sources */ = {isa = PBXBuildFile; fileRef = 3F2576332B4C805500945450 /* FireworksView.swift */; };
		3F2576362B4C80A200945450 /* FloodView.swift in Sources */ = {isa = PBXBuildFile; fileRef = 3F2576352B4C80A200945450 /* FloodView.swift */; };
/* End PBXBuildFile section */

/* Begin PBXFileReference section */
		380C87282B4AE6D70055DB9E /* Statki.app */ = {isa = PBXFileReference; explicitFileType = wrapper.application; includeInIndex = 0; path = Statki.app; sourceTree = BUILT_PRODUCTS_DIR; };
		380C872B2B4AE6D70055DB9E /* StatkiApp.swift */ = {isa = PBXFileReference; lastKnownFileType = sourcecode.swift; path = StatkiApp.swift; sourceTree = "<group>"; };
		380C872F2B4AE6D80055DB9E /* Assets.xcassets */ = {isa = PBXFileReference; lastKnownFileType = folder.assetcatalog; path = Assets.xcassets; sourceTree = "<group>"; };
		380C87322B4AE6D80055DB9E /* Preview Assets.xcassets */ = {isa = PBXFileReference; lastKnownFileType = folder.assetcatalog; path = "Preview Assets.xcassets"; sourceTree = "<group>"; };
		380C873B2B4AE7D70055DB9E /* ContentView.swift */ = {isa = PBXFileReference; lastKnownFileType = sourcecode.swift; path = ContentView.swift; sourceTree = "<group>"; };
		380C873E2B4AE81E0055DB9E /* OceanZoneView.swift */ = {isa = PBXFileReference; lastKnownFileType = sourcecode.swift; path = OceanZoneView.swift; sourceTree = "<group>"; };
		380C87402B4AE8450055DB9E /* OceanView.swift */ = {isa = PBXFileReference; lastKnownFileType = sourcecode.swift; path = OceanView.swift; sourceTree = "<group>"; };
		380C87422B4AE8920055DB9E /* ToolbarView.swift */ = {isa = PBXFileReference; lastKnownFileType = sourcecode.swift; path = ToolbarView.swift; sourceTree = "<group>"; };
		380C87442B4AE8EF0055DB9E /* Coordinate.swift */ = {isa = PBXFileReference; lastKnownFileType = sourcecode.swift; path = Coordinate.swift; sourceTree = "<group>"; };
		380C87462B4AE93F0055DB9E /* OceanZoneState.swift */ = {isa = PBXFileReference; lastKnownFileType = sourcecode.swift; path = OceanZoneState.swift; sourceTree = "<group>"; };
		380C87482B4AE9570055DB9E /* Ocean.swift */ = {isa = PBXFileReference; lastKnownFileType = sourcecode.swift; path = Ocean.swift; sourceTree = "<group>"; };
		380C874A2B4AE98B0055DB9E /* ShipCompartment.swift */ = {isa = PBXFileReference; lastKnownFileType = sourcecode.swift; path = ShipCompartment.swift; sourceTree = "<group>"; };
		380C874C2B4AE9AA0055DB9E /* Ship.swift */ = {isa = PBXFileReference; lastKnownFileType = sourcecode.swift; path = Ship.swift; sourceTree = "<group>"; };
		380C874E2B4AE9D30055DB9E /* Fleet.swift */ = {isa = PBXFileReference; lastKnownFileType = sourcecode.swift; path = Fleet.swift; sourceTree = "<group>"; };
		380C87502B4AEA0F0055DB9E /* Game.swift */ = {isa = PBXFileReference; lastKnownFileType = sourcecode.swift; path = Game.swift; sourceTree = "<group>"; };
		38AE3C092B4C87A600A31490 /* OnChooseOceanZoneAnimation.swift */ = {isa = PBXFileReference; lastKnownFileType = sourcecode.swift; path = OnChooseOceanZoneAnimation.swift; sourceTree = "<group>"; };
		3F134B5B2B4C47CE0013B183 /* ShipHitStatus.swift */ = {isa = PBXFileReference; lastKnownFileType = sourcecode.swift; path = ShipHitStatus.swift; sourceTree = "<group>"; };
		3F2576292B4C6C4F00945450 /* Direction.swift */ = {isa = PBXFileReference; lastKnownFileType = sourcecode.swift; path = Direction.swift; sourceTree = "<group>"; };
		3F25762B2B4C7E6200945450 /* RocketShape.swift */ = {isa = PBXFileReference; lastKnownFileType = sourcecode.swift; path = RocketShape.swift; sourceTree = "<group>"; };
		3F25762D2B4C7EFA00945450 /* WaterAnimationView.swift */ = {isa = PBXFileReference; lastKnownFileType = sourcecode.swift; path = WaterAnimationView.swift; sourceTree = "<group>"; };
		3F25762F2B4C7F3C00945450 /* FireAnimationView.swift */ = {isa = PBXFileReference; lastKnownFileType = sourcecode.swift; path = FireAnimationView.swift; sourceTree = "<group>"; };
		3F2576332B4C805500945450 /* FireworksView.swift */ = {isa = PBXFileReference; lastKnownFileType = sourcecode.swift; path = FireworksView.swift; sourceTree = "<group>"; };
		3F2576352B4C80A200945450 /* FloodView.swift */ = {isa = PBXFileReference; lastKnownFileType = sourcecode.swift; path = FloodView.swift; sourceTree = "<group>"; };
/* End PBXFileReference section */

/* Begin PBXFrameworksBuildPhase section */
		380C87252B4AE6D70055DB9E /* Frameworks */ = {
			isa = PBXFrameworksBuildPhase;
			buildActionMask = 2147483647;
			files = (
			);
			runOnlyForDeploymentPostprocessing = 0;
		};
/* End PBXFrameworksBuildPhase section */

/* Begin PBXGroup section */
		380C871F2B4AE6D70055DB9E = {
			isa = PBXGroup;
			children = (
				380C872A2B4AE6D70055DB9E /* Statki */,
				380C87292B4AE6D70055DB9E /* Products */,
			);
			sourceTree = "<group>";
		};
		380C87292B4AE6D70055DB9E /* Products */ = {
			isa = PBXGroup;
			children = (
				380C87282B4AE6D70055DB9E /* Statki.app */,
			);
			name = Products;
			sourceTree = "<group>";
		};
		380C872A2B4AE6D70055DB9E /* Statki */ = {
			isa = PBXGroup;
			children = (
				380C87532B4B0EEA0055DB9E /* ViewModel */,
				380C87522B4B0EC10055DB9E /* Models */,
				380C873D2B4AE7E50055DB9E /* Views */,
				380C872B2B4AE6D70055DB9E /* StatkiApp.swift */,
				380C872F2B4AE6D80055DB9E /* Assets.xcassets */,
				380C87312B4AE6D80055DB9E /* Preview Content */,
			);
			path = Statki;
			sourceTree = "<group>";
		};
		380C87312B4AE6D80055DB9E /* Preview Content */ = {
			isa = PBXGroup;
			children = (
				380C87322B4AE6D80055DB9E /* Preview Assets.xcassets */,
			);
			path = "Preview Content";
			sourceTree = "<group>";
		};
		380C873D2B4AE7E50055DB9E /* Views */ = {
			isa = PBXGroup;
			children = (
				380C873B2B4AE7D70055DB9E /* ContentView.swift */,
				380C873E2B4AE81E0055DB9E /* OceanZoneView.swift */,
				380C87402B4AE8450055DB9E /* OceanView.swift */,
				380C87422B4AE8920055DB9E /* ToolbarView.swift */,
				3F25762B2B4C7E6200945450 /* RocketShape.swift */,
				3F25762D2B4C7EFA00945450 /* WaterAnimationView.swift */,
				3F25762F2B4C7F3C00945450 /* FireAnimationView.swift */,
				3F2576332B4C805500945450 /* FireworksView.swift */,
				3F2576352B4C80A200945450 /* FloodView.swift */,
				38AE3C092B4C87A600A31490 /* OnChooseOceanZoneAnimation.swift */,
			);
			path = Views;
			sourceTree = "<group>";
		};
		380C87522B4B0EC10055DB9E /* Models */ = {
			isa = PBXGroup;
			children = (
				380C87462B4AE93F0055DB9E /* OceanZoneState.swift */,
				380C87442B4AE8EF0055DB9E /* Coordinate.swift */,
				380C87482B4AE9570055DB9E /* Ocean.swift */,
				380C874A2B4AE98B0055DB9E /* ShipCompartment.swift */,
				380C874C2B4AE9AA0055DB9E /* Ship.swift */,
				380C874E2B4AE9D30055DB9E /* Fleet.swift */,
				3F134B5B2B4C47CE0013B183 /* ShipHitStatus.swift */,
				3F2576292B4C6C4F00945450 /* Direction.swift */,
			);
			path = Models;
			sourceTree = "<group>";
		};
		380C87532B4B0EEA0055DB9E /* ViewModel */ = {
			isa = PBXGroup;
			children = (
				380C87502B4AEA0F0055DB9E /* Game.swift */,
			);
			path = ViewModel;
			sourceTree = "<group>";
		};
/* End PBXGroup section */

/* Begin PBXNativeTarget section */
		380C87272B4AE6D70055DB9E /* Statki */ = {
			isa = PBXNativeTarget;
			buildConfigurationList = 380C87362B4AE6D80055DB9E /* Build configuration list for PBXNativeTarget "Statki" */;
			buildPhases = (
				380C87242B4AE6D70055DB9E /* Sources */,
				380C87252B4AE6D70055DB9E /* Frameworks */,
				380C87262B4AE6D70055DB9E /* Resources */,
			);
			buildRules = (
			);
			dependencies = (
			);
			name = Statki;
			productName = Statki;
			productReference = 380C87282B4AE6D70055DB9E /* Statki.app */;
			productType = "com.apple.product-type.application";
		};
/* End PBXNativeTarget section */

/* Begin PBXProject section */
		380C87202B4AE6D70055DB9E /* Project object */ = {
			isa = PBXProject;
			attributes = {
				BuildIndependentTargetsInParallel = 1;
				LastSwiftUpdateCheck = 1500;
				LastUpgradeCheck = 1500;
				TargetAttributes = {
					380C87272B4AE6D70055DB9E = {
						CreatedOnToolsVersion = 15.0;
					};
				};
			};
			buildConfigurationList = 380C87232B4AE6D70055DB9E /* Build configuration list for PBXProject "Statki" */;
			compatibilityVersion = "Xcode 14.0";
			developmentRegion = en;
			hasScannedForEncodings = 0;
			knownRegions = (
				en,
				Base,
			);
			mainGroup = 380C871F2B4AE6D70055DB9E;
			productRefGroup = 380C87292B4AE6D70055DB9E /* Products */;
			projectDirPath = "";
			projectRoot = "";
			targets = (
				380C87272B4AE6D70055DB9E /* Statki */,
			);
		};
/* End PBXProject section */

/* Begin PBXResourcesBuildPhase section */
		380C87262B4AE6D70055DB9E /* Resources */ = {
			isa = PBXResourcesBuildPhase;
			buildActionMask = 2147483647;
			files = (
				380C87332B4AE6D80055DB9E /* Preview Assets.xcassets in Resources */,
				380C87302B4AE6D80055DB9E /* Assets.xcassets in Resources */,
			);
			runOnlyForDeploymentPostprocessing = 0;
		};
/* End PBXResourcesBuildPhase section */

/* Begin PBXSourcesBuildPhase section */
		380C87242B4AE6D70055DB9E /* Sources */ = {
			isa = PBXSourcesBuildPhase;
			buildActionMask = 2147483647;
			files = (
				3F25762C2B4C7E6200945450 /* RocketShape.swift in Sources */,
				380C873F2B4AE81E0055DB9E /* OceanZoneView.swift in Sources */,
				3F25762E2B4C7EFA00945450 /* WaterAnimationView.swift in Sources */,
				380C87472B4AE93F0055DB9E /* OceanZoneState.swift in Sources */,
				380C87432B4AE8920055DB9E /* ToolbarView.swift in Sources */,
				380C873C2B4AE7D70055DB9E /* ContentView.swift in Sources */,
				38AE3C0A2B4C87A600A31490 /* OnChooseOceanZoneAnimation.swift in Sources */,
				380C87492B4AE9570055DB9E /* Ocean.swift in Sources */,
				380C874B2B4AE98B0055DB9E /* ShipCompartment.swift in Sources */,
				380C874F2B4AE9D30055DB9E /* Fleet.swift in Sources */,
				3F2576342B4C805500945450 /* FireworksView.swift in Sources */,
				3F25762A2B4C6C4F00945450 /* Direction.swift in Sources */,
				380C87512B4AEA0F0055DB9E /* Game.swift in Sources */,
				3F2576362B4C80A200945450 /* FloodView.swift in Sources */,
				380C872C2B4AE6D70055DB9E /* StatkiApp.swift in Sources */,
				380C87412B4AE8450055DB9E /* OceanView.swift in Sources */,
				3F134B5C2B4C47CE0013B183 /* ShipHitStatus.swift in Sources */,
				380C87452B4AE8EF0055DB9E /* Coordinate.swift in Sources */,
				380C874D2B4AE9AA0055DB9E /* Ship.swift in Sources */,
				3F2576302B4C7F3C00945450 /* FireAnimationView.swift in Sources */,
			);
			runOnlyForDeploymentPostprocessing = 0;
		};
/* End PBXSourcesBuildPhase section */

/* Begin XCBuildConfiguration section */
		380C87342B4AE6D80055DB9E /* Debug */ = {
			isa = XCBuildConfiguration;
			buildSettings = {
				ALWAYS_SEARCH_USER_PATHS = NO;
				ASSETCATALOG_COMPILER_GENERATE_SWIFT_ASSET_SYMBOL_EXTENSIONS = YES;
				CLANG_ANALYZER_NONNULL = YES;
				CLANG_ANALYZER_NUMBER_OBJECT_CONVERSION = YES_AGGRESSIVE;
				CLANG_CXX_LANGUAGE_STANDARD = "gnu++20";
				CLANG_ENABLE_MODULES = YES;
				CLANG_ENABLE_OBJC_ARC = YES;
				CLANG_ENABLE_OBJC_WEAK = YES;
				CLANG_WARN_BLOCK_CAPTURE_AUTORELEASING = YES;
				CLANG_WARN_BOOL_CONVERSION = YES;
				CLANG_WARN_COMMA = YES;
				CLANG_WARN_CONSTANT_CONVERSION = YES;
				CLANG_WARN_DEPRECATED_OBJC_IMPLEMENTATIONS = YES;
				CLANG_WARN_DIRECT_OBJC_ISA_USAGE = YES_ERROR;
				CLANG_WARN_DOCUMENTATION_COMMENTS = YES;
				CLANG_WARN_EMPTY_BODY = YES;
				CLANG_WARN_ENUM_CONVERSION = YES;
				CLANG_WARN_INFINITE_RECURSION = YES;
				CLANG_WARN_INT_CONVERSION = YES;
				CLANG_WARN_NON_LITERAL_NULL_CONVERSION = YES;
				CLANG_WARN_OBJC_IMPLICIT_RETAIN_SELF = YES;
				CLANG_WARN_OBJC_LITERAL_CONVERSION = YES;
				CLANG_WARN_OBJC_ROOT_CLASS = YES_ERROR;
				CLANG_WARN_QUOTED_INCLUDE_IN_FRAMEWORK_HEADER = YES;
				CLANG_WARN_RANGE_LOOP_ANALYSIS = YES;
				CLANG_WARN_STRICT_PROTOTYPES = YES;
				CLANG_WARN_SUSPICIOUS_MOVE = YES;
				CLANG_WARN_UNGUARDED_AVAILABILITY = YES_AGGRESSIVE;
				CLANG_WARN_UNREACHABLE_CODE = YES;
				CLANG_WARN__DUPLICATE_METHOD_MATCH = YES;
				COPY_PHASE_STRIP = NO;
				DEBUG_INFORMATION_FORMAT = dwarf;
				ENABLE_STRICT_OBJC_MSGSEND = YES;
				ENABLE_TESTABILITY = YES;
				ENABLE_USER_SCRIPT_SANDBOXING = YES;
				GCC_C_LANGUAGE_STANDARD = gnu17;
				GCC_DYNAMIC_NO_PIC = NO;
				GCC_NO_COMMON_BLOCKS = YES;
				GCC_OPTIMIZATION_LEVEL = 0;
				GCC_PREPROCESSOR_DEFINITIONS = (
					"DEBUG=1",
					"$(inherited)",
				);
				GCC_WARN_64_TO_32_BIT_CONVERSION = YES;
				GCC_WARN_ABOUT_RETURN_TYPE = YES_ERROR;
				GCC_WARN_UNDECLARED_SELECTOR = YES;
				GCC_WARN_UNINITIALIZED_AUTOS = YES_AGGRESSIVE;
				GCC_WARN_UNUSED_FUNCTION = YES;
				GCC_WARN_UNUSED_VARIABLE = YES;
				IPHONEOS_DEPLOYMENT_TARGET = 16.4;
				LOCALIZATION_PREFERS_STRING_CATALOGS = YES;
				MTL_ENABLE_DEBUG_INFO = INCLUDE_SOURCE;
				MTL_FAST_MATH = YES;
				ONLY_ACTIVE_ARCH = YES;
				SDKROOT = iphoneos;
				SWIFT_ACTIVE_COMPILATION_CONDITIONS = "DEBUG $(inherited)";
				SWIFT_OPTIMIZATION_LEVEL = "-Onone";
			};
			name = Debug;
		};
		380C87352B4AE6D80055DB9E /* Release */ = {
			isa = XCBuildConfiguration;
			buildSettings = {
				ALWAYS_SEARCH_USER_PATHS = NO;
				ASSETCATALOG_COMPILER_GENERATE_SWIFT_ASSET_SYMBOL_EXTENSIONS = YES;
				CLANG_ANALYZER_NONNULL = YES;
				CLANG_ANALYZER_NUMBER_OBJECT_CONVERSION = YES_AGGRESSIVE;
				CLANG_CXX_LANGUAGE_STANDARD = "gnu++20";
				CLANG_ENABLE_MODULES = YES;
				CLANG_ENABLE_OBJC_ARC = YES;
				CLANG_ENABLE_OBJC_WEAK = YES;
				CLANG_WARN_BLOCK_CAPTURE_AUTORELEASING = YES;
				CLANG_WARN_BOOL_CONVERSION = YES;
				CLANG_WARN_COMMA = YES;
				CLANG_WARN_CONSTANT_CONVERSION = YES;
				CLANG_WARN_DEPRECATED_OBJC_IMPLEMENTATIONS = YES;
				CLANG_WARN_DIRECT_OBJC_ISA_USAGE = YES_ERROR;
				CLANG_WARN_DOCUMENTATION_COMMENTS = YES;
				CLANG_WARN_EMPTY_BODY = YES;
				CLANG_WARN_ENUM_CONVERSION = YES;
				CLANG_WARN_INFINITE_RECURSION = YES;
				CLANG_WARN_INT_CONVERSION = YES;
				CLANG_WARN_NON_LITERAL_NULL_CONVERSION = YES;
				CLANG_WARN_OBJC_IMPLICIT_RETAIN_SELF = YES;
				CLANG_WARN_OBJC_LITERAL_CONVERSION = YES;
				CLANG_WARN_OBJC_ROOT_CLASS = YES_ERROR;
				CLANG_WARN_QUOTED_INCLUDE_IN_FRAMEWORK_HEADER = YES;
				CLANG_WARN_RANGE_LOOP_ANALYSIS = YES;
				CLANG_WARN_STRICT_PROTOTYPES = YES;
				CLANG_WARN_SUSPICIOUS_MOVE = YES;
				CLANG_WARN_UNGUARDED_AVAILABILITY = YES_AGGRESSIVE;
				CLANG_WARN_UNREACHABLE_CODE = YES;
				CLANG_WARN__DUPLICATE_METHOD_MATCH = YES;
				COPY_PHASE_STRIP = NO;
				DEBUG_INFORMATION_FORMAT = "dwarf-with-dsym";
				ENABLE_NS_ASSERTIONS = NO;
				ENABLE_STRICT_OBJC_MSGSEND = YES;
				ENABLE_USER_SCRIPT_SANDBOXING = YES;
				GCC_C_LANGUAGE_STANDARD = gnu17;
				GCC_NO_COMMON_BLOCKS = YES;
				GCC_WARN_64_TO_32_BIT_CONVERSION = YES;
				GCC_WARN_ABOUT_RETURN_TYPE = YES_ERROR;
				GCC_WARN_UNDECLARED_SELECTOR = YES;
				GCC_WARN_UNINITIALIZED_AUTOS = YES_AGGRESSIVE;
				GCC_WARN_UNUSED_FUNCTION = YES;
				GCC_WARN_UNUSED_VARIABLE = YES;
				IPHONEOS_DEPLOYMENT_TARGET = 16.4;
				LOCALIZATION_PREFERS_STRING_CATALOGS = YES;
				MTL_ENABLE_DEBUG_INFO = NO;
				MTL_FAST_MATH = YES;
				SDKROOT = iphoneos;
				SWIFT_COMPILATION_MODE = wholemodule;
				VALIDATE_PRODUCT = YES;
			};
			name = Release;
		};
		380C87372B4AE6D80055DB9E /* Debug */ = {
			isa = XCBuildConfiguration;
			buildSettings = {
				ASSETCATALOG_COMPILER_APPICON_NAME = AppIcon;
				ASSETCATALOG_COMPILER_GLOBAL_ACCENT_COLOR_NAME = AccentColor;
				CODE_SIGN_STYLE = Automatic;
				CURRENT_PROJECT_VERSION = 1;
				DEVELOPMENT_ASSET_PATHS = "\"Statki/Preview Content\"";
				ENABLE_PREVIEWS = YES;
				GENERATE_INFOPLIST_FILE = YES;
				INFOPLIST_KEY_UIApplicationSceneManifest_Generation = YES;
				INFOPLIST_KEY_UIApplicationSupportsIndirectInputEvents = YES;
				INFOPLIST_KEY_UILaunchScreen_Generation = YES;
				INFOPLIST_KEY_UISupportedInterfaceOrientations_iPad = "UIInterfaceOrientationPortrait UIInterfaceOrientationPortraitUpsideDown UIInterfaceOrientationLandscapeLeft UIInterfaceOrientationLandscapeRight";
				INFOPLIST_KEY_UISupportedInterfaceOrientations_iPhone = "UIInterfaceOrientationPortrait UIInterfaceOrientationLandscapeLeft UIInterfaceOrientationLandscapeRight";
				IPHONEOS_DEPLOYMENT_TARGET = 16.2;
				LD_RUNPATH_SEARCH_PATHS = (
					"$(inherited)",
					"@executable_path/Frameworks",
				);
				MARKETING_VERSION = 1.0;
				PRODUCT_BUNDLE_IDENTIFIER = Caban.Statki;
				PRODUCT_NAME = "$(TARGET_NAME)";
				SWIFT_EMIT_LOC_STRINGS = YES;
				SWIFT_VERSION = 5.0;
				TARGETED_DEVICE_FAMILY = "1,2";
			};
			name = Debug;
		};
		380C87382B4AE6D80055DB9E /* Release */ = {
			isa = XCBuildConfiguration;
			buildSettings = {
				ASSETCATALOG_COMPILER_APPICON_NAME = AppIcon;
				ASSETCATALOG_COMPILER_GLOBAL_ACCENT_COLOR_NAME = AccentColor;
				CODE_SIGN_STYLE = Automatic;
				CURRENT_PROJECT_VERSION = 1;
				DEVELOPMENT_ASSET_PATHS = "\"Statki/Preview Content\"";
				ENABLE_PREVIEWS = YES;
				GENERATE_INFOPLIST_FILE = YES;
				INFOPLIST_KEY_UIApplicationSceneManifest_Generation = YES;
				INFOPLIST_KEY_UIApplicationSupportsIndirectInputEvents = YES;
				INFOPLIST_KEY_UILaunchScreen_Generation = YES;
				INFOPLIST_KEY_UISupportedInterfaceOrientations_iPad = "UIInterfaceOrientationPortrait UIInterfaceOrientationPortraitUpsideDown UIInterfaceOrientationLandscapeLeft UIInterfaceOrientationLandscapeRight";
				INFOPLIST_KEY_UISupportedInterfaceOrientations_iPhone = "UIInterfaceOrientationPortrait UIInterfaceOrientationLandscapeLeft UIInterfaceOrientationLandscapeRight";
				IPHONEOS_DEPLOYMENT_TARGET = 16.2;
				LD_RUNPATH_SEARCH_PATHS = (
					"$(inherited)",
					"@executable_path/Frameworks",
				);
				MARKETING_VERSION = 1.0;
				PRODUCT_BUNDLE_IDENTIFIER = Caban.Statki;
				PRODUCT_NAME = "$(TARGET_NAME)";
				SWIFT_EMIT_LOC_STRINGS = YES;
				SWIFT_VERSION = 5.0;
				TARGETED_DEVICE_FAMILY = "1,2";
			};
			name = Release;
		};
/* End XCBuildConfiguration section */

/* Begin XCConfigurationList section */
		380C87232B4AE6D70055DB9E /* Build configuration list for PBXProject "Statki" */ = {
			isa = XCConfigurationList;
			buildConfigurations = (
				380C87342B4AE6D80055DB9E /* Debug */,
				380C87352B4AE6D80055DB9E /* Release */,
			);
			defaultConfigurationIsVisible = 0;
			defaultConfigurationName = Release;
		};
		380C87362B4AE6D80055DB9E /* Build configuration list for PBXNativeTarget "Statki" */ = {
			isa = XCConfigurationList;
			buildConfigurations = (
				380C87372B4AE6D80055DB9E /* Debug */,
				380C87382B4AE6D80055DB9E /* Release */,
			);
			defaultConfigurationIsVisible = 0;
			defaultConfigurationName = Release;
		};
/* End XCConfigurationList section */
	};
	rootObject = 380C87202B4AE6D70055DB9E /* Project object */;
}
